PODS:
  - Alamofire (5.4.0)
  - SkyFloatingLabelTextField (3.0.0)
  - SwiftLint (0.40.3)

DEPENDENCIES:
  - Alamofire (= 5.4.0)
  - SkyFloatingLabelTextField (= 3.0)
  - SwiftLint (= 0.40.3)

SPEC REPOS:
  trunk:
    - Alamofire
    - SkyFloatingLabelTextField
    - SwiftLint

SPEC CHECKSUMS:
  Alamofire: 3b6a534a3df22db367e4dedeeca73d1ddfcf0e2f
  SkyFloatingLabelTextField: 35bc0c2653ad73c5fd8b7a34cfedf09c94367a1a
  SwiftLint: dfd554ff0dff17288ee574814ccdd5cea85d76f7

PODFILE CHECKSUM: 20d1db92cd00b78482ab5d79d176816592d4ff1b

COCOAPODS: 1.10.0
