// !$*UTF8*$!
{
	archiveVersion = 1;
	classes = {
	};
	objectVersion = 51;
	objects = {

/* Begin PBXBuildFile section */
		7F8AC7BF6F34C496BA5766BC /* Pods_Wheather.framework in Frameworks */ = {isa = PBXBuildFile; fileRef = F5F05B6D4D56676A6EF4E543 /* Pods_Wheather.framework */; };
		CE0946BC2553C6E6001F0828 /* AppDelegate.swift in Sources */ = {isa = PBXBuildFile; fileRef = CE0946BB2553C6E6001F0828 /* AppDelegate.swift */; };
		CE0946BE2553C6E6001F0828 /* SceneDelegate.swift in Sources */ = {isa = PBXBuildFile; fileRef = CE0946BD2553C6E6001F0828 /* SceneDelegate.swift */; };
		CE0946C32553C6E6001F0828 /* Main.storyboard in Resources */ = {isa = PBXBuildFile; fileRef = CE0946C12553C6E6001F0828 /* Main.storyboard */; };
		CE0946C52553C6E7001F0828 /* Assets.xcassets in Resources */ = {isa = PBXBuildFile; fileRef = CE0946C42553C6E7001F0828 /* Assets.xcassets */; };
		CE0946C82553C6E7001F0828 /* LaunchScreen.storyboard in Resources */ = {isa = PBXBuildFile; fileRef = CE0946C62553C6E7001F0828 /* LaunchScreen.storyboard */; };
		CE0946DC2553F0DA001F0828 /* WeatherModel.swift in Sources */ = {isa = PBXBuildFile; fileRef = CE0946DB2553F0DA001F0828 /* WeatherModel.swift */; };
		CE3F4F0C25A484B6003D0037 /* Constants.swift in Sources */ = {isa = PBXBuildFile; fileRef = CE3F4F0B25A484B6003D0037 /* Constants.swift */; };
		CE3F4F1025A48698003D0037 /* NetworkService.swift in Sources */ = {isa = PBXBuildFile; fileRef = CE3F4F0F25A48698003D0037 /* NetworkService.swift */; };
		CE4C2417258B619E0067C772 /* CityWeatherVC.swift in Sources */ = {isa = PBXBuildFile; fileRef = CE4C2416258B619E0067C772 /* CityWeatherVC.swift */; };
		CE4C2420258B62140067C772 /* MainVC.swift in Sources */ = {isa = PBXBuildFile; fileRef = CE4C241F258B62140067C772 /* MainVC.swift */; };
		CE58AF02257F6C8900EF69A4 /* StringExtensions.swift in Sources */ = {isa = PBXBuildFile; fileRef = CE58AF01257F6C8900EF69A4 /* StringExtensions.swift */; };
		CE5EA34A25ADC7DD00517778 /* ButtonWithActivityIndicator.swift in Sources */ = {isa = PBXBuildFile; fileRef = CE5EA34925ADC7DD00517778 /* ButtonWithActivityIndicator.swift */; };
		CE5EA37F25ADD22000517778 /* .swiftlint.yml in Resources */ = {isa = PBXBuildFile; fileRef = CE5EA37E25ADD22000517778 /* .swiftlint.yml */; };
		CE9887F12556F62100201DB3 /* CityWeather.storyboard in Resources */ = {isa = PBXBuildFile; fileRef = CE9887F02556F62100201DB3 /* CityWeather.storyboard */; };
/* End PBXBuildFile section */

/* Begin PBXFileReference section */
		0288A2C6871045F00A772D44 /* Pods-Wheather.release.xcconfig */ = {isa = PBXFileReference; includeInIndex = 1; lastKnownFileType = text.xcconfig; name = "Pods-Wheather.release.xcconfig"; path = "Target Support Files/Pods-Wheather/Pods-Wheather.release.xcconfig"; sourceTree = "<group>"; };
		AA71CAE66B50C5A8CAE1BA07 /* Pods-Wheather.debug.xcconfig */ = {isa = PBXFileReference; includeInIndex = 1; lastKnownFileType = text.xcconfig; name = "Pods-Wheather.debug.xcconfig"; path = "Target Support Files/Pods-Wheather/Pods-Wheather.debug.xcconfig"; sourceTree = "<group>"; };
		CE0946B82553C6E6001F0828 /* Wheather.app */ = {isa = PBXFileReference; explicitFileType = wrapper.application; includeInIndex = 0; path = Wheather.app; sourceTree = BUILT_PRODUCTS_DIR; };
		CE0946BB2553C6E6001F0828 /* AppDelegate.swift */ = {isa = PBXFileReference; lastKnownFileType = sourcecode.swift; path = AppDelegate.swift; sourceTree = "<group>"; };
		CE0946BD2553C6E6001F0828 /* SceneDelegate.swift */ = {isa = PBXFileReference; lastKnownFileType = sourcecode.swift; path = SceneDelegate.swift; sourceTree = "<group>"; };
		CE0946C22553C6E6001F0828 /* Base */ = {isa = PBXFileReference; lastKnownFileType = file.storyboard; name = Base; path = Base.lproj/Main.storyboard; sourceTree = "<group>"; };
		CE0946C42553C6E7001F0828 /* Assets.xcassets */ = {isa = PBXFileReference; lastKnownFileType = folder.assetcatalog; path = Assets.xcassets; sourceTree = "<group>"; };
		CE0946C72553C6E7001F0828 /* Base */ = {isa = PBXFileReference; lastKnownFileType = file.storyboard; name = Base; path = Base.lproj/LaunchScreen.storyboard; sourceTree = "<group>"; };
		CE0946C92553C6E7001F0828 /* Info.plist */ = {isa = PBXFileReference; lastKnownFileType = text.plist.xml; path = Info.plist; sourceTree = "<group>"; };
		CE0946DB2553F0DA001F0828 /* WeatherModel.swift */ = {isa = PBXFileReference; lastKnownFileType = sourcecode.swift; path = WeatherModel.swift; sourceTree = "<group>"; };
		CE3F4F0B25A484B6003D0037 /* Constants.swift */ = {isa = PBXFileReference; lastKnownFileType = sourcecode.swift; path = Constants.swift; sourceTree = "<group>"; };
		CE3F4F0F25A48698003D0037 /* NetworkService.swift */ = {isa = PBXFileReference; lastKnownFileType = sourcecode.swift; path = NetworkService.swift; sourceTree = "<group>"; };
		CE4C2416258B619E0067C772 /* CityWeatherVC.swift */ = {isa = PBXFileReference; fileEncoding = 4; lastKnownFileType = sourcecode.swift; name = CityWeatherVC.swift; path = Wheather/Modules/CityWeatherScreen/CityWeatherVC.swift; sourceTree = SOURCE_ROOT; };
		CE4C241F258B62140067C772 /* MainVC.swift */ = {isa = PBXFileReference; fileEncoding = 4; lastKnownFileType = sourcecode.swift; path = MainVC.swift; sourceTree = "<group>"; };
		CE58AF01257F6C8900EF69A4 /* StringExtensions.swift */ = {isa = PBXFileReference; lastKnownFileType = sourcecode.swift; path = StringExtensions.swift; sourceTree = "<group>"; };
		CE5EA34925ADC7DD00517778 /* ButtonWithActivityIndicator.swift */ = {isa = PBXFileReference; lastKnownFileType = sourcecode.swift; path = ButtonWithActivityIndicator.swift; sourceTree = "<group>"; };
		CE5EA37E25ADD22000517778 /* .swiftlint.yml */ = {isa = PBXFileReference; lastKnownFileType = text.yaml; path = .swiftlint.yml; sourceTree = "<group>"; };
		CE9887F02556F62100201DB3 /* CityWeather.storyboard */ = {isa = PBXFileReference; lastKnownFileType = file.storyboard; path = CityWeather.storyboard; sourceTree = "<group>"; };
		F5F05B6D4D56676A6EF4E543 /* Pods_Wheather.framework */ = {isa = PBXFileReference; explicitFileType = wrapper.framework; includeInIndex = 0; path = Pods_Wheather.framework; sourceTree = BUILT_PRODUCTS_DIR; };
/* End PBXFileReference section */

/* Begin PBXFrameworksBuildPhase section */
		CE0946B52553C6E6001F0828 /* Frameworks */ = {
			isa = PBXFrameworksBuildPhase;
			buildActionMask = 2147483647;
			files = (
				7F8AC7BF6F34C496BA5766BC /* Pods_Wheather.framework in Frameworks */,
			);
			runOnlyForDeploymentPostprocessing = 0;
		};
/* End PBXFrameworksBuildPhase section */

/* Begin PBXGroup section */
		02E4E6AF4B687C7E5C78058A /* Frameworks */ = {
			isa = PBXGroup;
			children = (
				F5F05B6D4D56676A6EF4E543 /* Pods_Wheather.framework */,
			);
			name = Frameworks;
			sourceTree = "<group>";
		};
		5AA75DA50AF312B13A662352 /* Pods */ = {
			isa = PBXGroup;
			children = (
				AA71CAE66B50C5A8CAE1BA07 /* Pods-Wheather.debug.xcconfig */,
				0288A2C6871045F00A772D44 /* Pods-Wheather.release.xcconfig */,
			);
			path = Pods;
			sourceTree = "<group>";
		};
		CE0946AF2553C6E6001F0828 = {
			isa = PBXGroup;
			children = (
				CE0946BA2553C6E6001F0828 /* Wheather */,
				CE0946B92553C6E6001F0828 /* Products */,
				5AA75DA50AF312B13A662352 /* Pods */,
				02E4E6AF4B687C7E5C78058A /* Frameworks */,
				CE5EA37E25ADD22000517778 /* .swiftlint.yml */,
			);
			sourceTree = "<group>";
		};
		CE0946B92553C6E6001F0828 /* Products */ = {
			isa = PBXGroup;
			children = (
				CE0946B82553C6E6001F0828 /* Wheather.app */,
			);
			name = Products;
			sourceTree = "<group>";
		};
		CE0946BA2553C6E6001F0828 /* Wheather */ = {
			isa = PBXGroup;
			children = (
				CE4170392581FCC600B8E7A0 /* Application */,
				CE0946DE2553F0EE001F0828 /* Models */,
				CE4C2428258B625D0067C772 /* Modules */,
				CE3F4F0E25A4863C003D0037 /* Network */,
				CE4C2427258B624F0067C772 /* Resources */,
				CE58AEFF257F6C3900EF69A4 /* Utils */,
				CE5EA34825ADC7B600517778 /* Views */,
			);
			path = Wheather;
			sourceTree = "<group>";
		};
		CE0946DE2553F0EE001F0828 /* Models */ = {
			isa = PBXGroup;
			children = (
				CE0946DB2553F0DA001F0828 /* WeatherModel.swift */,
			);
			path = Models;
			sourceTree = "<group>";
		};
		CE3F4F0E25A4863C003D0037 /* Network */ = {
			isa = PBXGroup;
			children = (
				CE3F4F0F25A48698003D0037 /* NetworkService.swift */,
			);
			path = Network;
			sourceTree = "<group>";
		};
		CE4170392581FCC600B8E7A0 /* Application */ = {
			isa = PBXGroup;
			children = (
				CE0946C92553C6E7001F0828 /* Info.plist */,
				CE0946BB2553C6E6001F0828 /* AppDelegate.swift */,
				CE0946BD2553C6E6001F0828 /* SceneDelegate.swift */,
			);
			path = Application;
			sourceTree = "<group>";
		};
		CE4C2427258B624F0067C772 /* Resources */ = {
			isa = PBXGroup;
			children = (
				CE0946C42553C6E7001F0828 /* Assets.xcassets */,
			);
			path = Resources;
			sourceTree = "<group>";
		};
		CE4C2428258B625D0067C772 /* Modules */ = {
			isa = PBXGroup;
			children = (
				CE4C242A258B626B0067C772 /* CityWeatherScreen */,
				CE0946C62553C6E7001F0828 /* LaunchScreen.storyboard */,
				CE4C2429258B62650067C772 /* MainScreen */,
			);
			path = Modules;
			sourceTree = "<group>";
		};
		CE4C2429258B62650067C772 /* MainScreen */ = {
			isa = PBXGroup;
			children = (
				CE4C241F258B62140067C772 /* MainVC.swift */,
				CE0946C12553C6E6001F0828 /* Main.storyboard */,
			);
			path = MainScreen;
			sourceTree = "<group>";
		};
		CE4C242A258B626B0067C772 /* CityWeatherScreen */ = {
			isa = PBXGroup;
			children = (
				CE4C2416258B619E0067C772 /* CityWeatherVC.swift */,
				CE9887F02556F62100201DB3 /* CityWeather.storyboard */,
			);
			path = CityWeatherScreen;
			sourceTree = "<group>";
		};
		CE58AEFF257F6C3900EF69A4 /* Utils */ = {
			isa = PBXGroup;
			children = (
				CE3F4F0B25A484B6003D0037 /* Constants.swift */,
				CE58AF01257F6C8900EF69A4 /* StringExtensions.swift */,
			);
			path = Utils;
			sourceTree = "<group>";
		};
		CE5EA34825ADC7B600517778 /* Views */ = {
			isa = PBXGroup;
			children = (
				CE5EA34925ADC7DD00517778 /* ButtonWithActivityIndicator.swift */,
			);
			path = Views;
			sourceTree = "<group>";
		};
/* End PBXGroup section */

/* Begin PBXNativeTarget section */
		CE0946B72553C6E6001F0828 /* Wheather */ = {
			isa = PBXNativeTarget;
			buildConfigurationList = CE0946CC2553C6E7001F0828 /* Build configuration list for PBXNativeTarget "Wheather" */;
			buildPhases = (
				3B2B7CDF2A67BE0E245B05E9 /* [CP] Check Pods Manifest.lock */,
				CE116D7B25542EC5001C79B0 /* ShellScript */,
				CE0946B42553C6E6001F0828 /* Sources */,
				CE0946B52553C6E6001F0828 /* Frameworks */,
				CE0946B62553C6E6001F0828 /* Resources */,
				487EFE7E514CBFB5703A3A0F /* [CP] Embed Pods Frameworks */,
			);
			buildRules = (
			);
			dependencies = (
			);
			name = Wheather;
			productName = Wheather;
			productReference = CE0946B82553C6E6001F0828 /* Wheather.app */;
			productType = "com.apple.product-type.application";
		};
/* End PBXNativeTarget section */

/* Begin PBXProject section */
		CE0946B02553C6E6001F0828 /* Project object */ = {
			isa = PBXProject;
			attributes = {
				LastSwiftUpdateCheck = 1210;
				LastUpgradeCheck = 1210;
				TargetAttributes = {
					CE0946B72553C6E6001F0828 = {
						CreatedOnToolsVersion = 12.1;
					};
				};
			};
			buildConfigurationList = CE0946B32553C6E6001F0828 /* Build configuration list for PBXProject "Wheather" */;
			compatibilityVersion = "Xcode 9.3";
			developmentRegion = en;
			hasScannedForEncodings = 0;
			knownRegions = (
				en,
				Base,
			);
			mainGroup = CE0946AF2553C6E6001F0828;
			productRefGroup = CE0946B92553C6E6001F0828 /* Products */;
			projectDirPath = "";
			projectRoot = "";
			targets = (
				CE0946B72553C6E6001F0828 /* Wheather */,
			);
		};
/* End PBXProject section */

/* Begin PBXResourcesBuildPhase section */
		CE0946B62553C6E6001F0828 /* Resources */ = {
			isa = PBXResourcesBuildPhase;
			buildActionMask = 2147483647;
			files = (
				CE5EA37F25ADD22000517778 /* .swiftlint.yml in Resources */,
				CE0946C82553C6E7001F0828 /* LaunchScreen.storyboard in Resources */,
				CE0946C52553C6E7001F0828 /* Assets.xcassets in Resources */,
				CE9887F12556F62100201DB3 /* CityWeather.storyboard in Resources */,
				CE0946C32553C6E6001F0828 /* Main.storyboard in Resources */,
			);
			runOnlyForDeploymentPostprocessing = 0;
		};
/* End PBXResourcesBuildPhase section */

/* Begin PBXShellScriptBuildPhase section */
		3B2B7CDF2A67BE0E245B05E9 /* [CP] Check Pods Manifest.lock */ = {
			isa = PBXShellScriptBuildPhase;
			buildActionMask = 2147483647;
			files = (
			);
			inputFileListPaths = (
			);
			inputPaths = (
				"${PODS_PODFILE_DIR_PATH}/Podfile.lock",
				"${PODS_ROOT}/Manifest.lock",
			);
			name = "[CP] Check Pods Manifest.lock";
			outputFileListPaths = (
			);
			outputPaths = (
				"$(DERIVED_FILE_DIR)/Pods-Wheather-checkManifestLockResult.txt",
			);
			runOnlyForDeploymentPostprocessing = 0;
			shellPath = /bin/sh;
			shellScript = "diff \"${PODS_PODFILE_DIR_PATH}/Podfile.lock\" \"${PODS_ROOT}/Manifest.lock\" > /dev/null\nif [ $? != 0 ] ; then\n    # print error to STDERR\n    echo \"error: The sandbox is not in sync with the Podfile.lock. Run 'pod install' or update your CocoaPods installation.\" >&2\n    exit 1\nfi\n# This output is used by Xcode 'outputs' to avoid re-running this script phase.\necho \"SUCCESS\" > \"${SCRIPT_OUTPUT_FILE_0}\"\n";
			showEnvVarsInLog = 0;
		};
		487EFE7E514CBFB5703A3A0F /* [CP] Embed Pods Frameworks */ = {
			isa = PBXShellScriptBuildPhase;
			buildActionMask = 2147483647;
			files = (
			);
			inputFileListPaths = (
				"${PODS_ROOT}/Target Support Files/Pods-Wheather/Pods-Wheather-frameworks-${CONFIGURATION}-input-files.xcfilelist",
			);
			name = "[CP] Embed Pods Frameworks";
			outputFileListPaths = (
				"${PODS_ROOT}/Target Support Files/Pods-Wheather/Pods-Wheather-frameworks-${CONFIGURATION}-output-files.xcfilelist",
			);
			runOnlyForDeploymentPostprocessing = 0;
			shellPath = /bin/sh;
			shellScript = "\"${PODS_ROOT}/Target Support Files/Pods-Wheather/Pods-Wheather-frameworks.sh\"\n";
			showEnvVarsInLog = 0;
		};
		CE116D7B25542EC5001C79B0 /* ShellScript */ = {
			isa = PBXShellScriptBuildPhase;
			buildActionMask = 2147483647;
			files = (
			);
			inputFileListPaths = (
			);
			inputPaths = (
			);
			outputFileListPaths = (
			);
			outputPaths = (
			);
			runOnlyForDeploymentPostprocessing = 0;
			shellPath = /bin/sh;
			shellScript = "${PODS_ROOT}/SwiftLint/swiftlint\n";
		};
/* End PBXShellScriptBuildPhase section */

/* Begin PBXSourcesBuildPhase section */
		CE0946B42553C6E6001F0828 /* Sources */ = {
			isa = PBXSourcesBuildPhase;
			buildActionMask = 2147483647;
			files = (
				CE4C2417258B619E0067C772 /* CityWeatherVC.swift in Sources */,
				CE4C2420258B62140067C772 /* MainVC.swift in Sources */,
				CE3F4F1025A48698003D0037 /* NetworkService.swift in Sources */,
				CE0946BC2553C6E6001F0828 /* AppDelegate.swift in Sources */,
				CE0946BE2553C6E6001F0828 /* SceneDelegate.swift in Sources */,
				CE5EA34A25ADC7DD00517778 /* ButtonWithActivityIndicator.swift in Sources */,
				CE3F4F0C25A484B6003D0037 /* Constants.swift in Sources */,
				CE58AF02257F6C8900EF69A4 /* StringExtensions.swift in Sources */,
				CE0946DC2553F0DA001F0828 /* WeatherModel.swift in Sources */,
			);
			runOnlyForDeploymentPostprocessing = 0;
		};
/* End PBXSourcesBuildPhase section */

/* Begin PBXVariantGroup section */
		CE0946C12553C6E6001F0828 /* Main.storyboard */ = {
			isa = PBXVariantGroup;
			children = (
				CE0946C22553C6E6001F0828 /* Base */,
			);
			name = Main.storyboard;
			sourceTree = "<group>";
		};
		CE0946C62553C6E7001F0828 /* LaunchScreen.storyboard */ = {
			isa = PBXVariantGroup;
			children = (
				CE0946C72553C6E7001F0828 /* Base */,
			);
			name = LaunchScreen.storyboard;
			sourceTree = "<group>";
		};
/* End PBXVariantGroup section */

/* Begin XCBuildConfiguration section */
		CE0946CA2553C6E7001F0828 /* Debug */ = {
			isa = XCBuildConfiguration;
			buildSettings = {
				ALWAYS_SEARCH_USER_PATHS = NO;
				CLANG_ANALYZER_NONNULL = YES;
				CLANG_ANALYZER_NUMBER_OBJECT_CONVERSION = YES_AGGRESSIVE;
				CLANG_CXX_LANGUAGE_STANDARD = "gnu++14";
				CLANG_CXX_LIBRARY = "libc++";
				CLANG_ENABLE_MODULES = YES;
				CLANG_ENABLE_OBJC_ARC = YES;
				CLANG_ENABLE_OBJC_WEAK = YES;
				CLANG_WARN_BLOCK_CAPTURE_AUTORELEASING = YES;
				CLANG_WARN_BOOL_CONVERSION = YES;
				CLANG_WARN_COMMA = YES;
				CLANG_WARN_CONSTANT_CONVERSION = YES;
				CLANG_WARN_DEPRECATED_OBJC_IMPLEMENTATIONS = YES;
				CLANG_WARN_DIRECT_OBJC_ISA_USAGE = YES_ERROR;
				CLANG_WARN_DOCUMENTATION_COMMENTS = YES;
				CLANG_WARN_EMPTY_BODY = YES;
				CLANG_WARN_ENUM_CONVERSION = YES;
				CLANG_WARN_INFINITE_RECURSION = YES;
				CLANG_WARN_INT_CONVERSION = YES;
				CLANG_WARN_NON_LITERAL_NULL_CONVERSION = YES;
				CLANG_WARN_OBJC_IMPLICIT_RETAIN_SELF = YES;
				CLANG_WARN_OBJC_LITERAL_CONVERSION = YES;
				CLANG_WARN_OBJC_ROOT_CLASS = YES_ERROR;
				CLANG_WARN_QUOTED_INCLUDE_IN_FRAMEWORK_HEADER = YES;
				CLANG_WARN_RANGE_LOOP_ANALYSIS = YES;
				CLANG_WARN_STRICT_PROTOTYPES = YES;
				CLANG_WARN_SUSPICIOUS_MOVE = YES;
				CLANG_WARN_UNGUARDED_AVAILABILITY = YES_AGGRESSIVE;
				CLANG_WARN_UNREACHABLE_CODE = YES;
				CLANG_WARN__DUPLICATE_METHOD_MATCH = YES;
				COPY_PHASE_STRIP = NO;
				DEBUG_INFORMATION_FORMAT = dwarf;
				ENABLE_STRICT_OBJC_MSGSEND = YES;
				ENABLE_TESTABILITY = YES;
				GCC_C_LANGUAGE_STANDARD = gnu11;
				GCC_DYNAMIC_NO_PIC = NO;
				GCC_NO_COMMON_BLOCKS = YES;
				GCC_OPTIMIZATION_LEVEL = 0;
				GCC_PREPROCESSOR_DEFINITIONS = (
					"DEBUG=1",
					"$(inherited)",
				);
				GCC_WARN_64_TO_32_BIT_CONVERSION = YES;
				GCC_WARN_ABOUT_RETURN_TYPE = YES_ERROR;
				GCC_WARN_UNDECLARED_SELECTOR = YES;
				GCC_WARN_UNINITIALIZED_AUTOS = YES_AGGRESSIVE;
				GCC_WARN_UNUSED_FUNCTION = YES;
				GCC_WARN_UNUSED_VARIABLE = YES;
				IPHONEOS_DEPLOYMENT_TARGET = 13.6;
				MTL_ENABLE_DEBUG_INFO = INCLUDE_SOURCE;
				MTL_FAST_MATH = YES;
				ONLY_ACTIVE_ARCH = YES;
				SDKROOT = iphoneos;
				SWIFT_ACTIVE_COMPILATION_CONDITIONS = DEBUG;
				SWIFT_OPTIMIZATION_LEVEL = "-Onone";
			};
			name = Debug;
		};
		CE0946CB2553C6E7001F0828 /* Release */ = {
			isa = XCBuildConfiguration;
			buildSettings = {
				ALWAYS_SEARCH_USER_PATHS = NO;
				CLANG_ANALYZER_NONNULL = YES;
				CLANG_ANALYZER_NUMBER_OBJECT_CONVERSION = YES_AGGRESSIVE;
				CLANG_CXX_LANGUAGE_STANDARD = "gnu++14";
				CLANG_CXX_LIBRARY = "libc++";
				CLANG_ENABLE_MODULES = YES;
				CLANG_ENABLE_OBJC_ARC = YES;
				CLANG_ENABLE_OBJC_WEAK = YES;
				CLANG_WARN_BLOCK_CAPTURE_AUTORELEASING = YES;
				CLANG_WARN_BOOL_CONVERSION = YES;
				CLANG_WARN_COMMA = YES;
				CLANG_WARN_CONSTANT_CONVERSION = YES;
				CLANG_WARN_DEPRECATED_OBJC_IMPLEMENTATIONS = YES;
				CLANG_WARN_DIRECT_OBJC_ISA_USAGE = YES_ERROR;
				CLANG_WARN_DOCUMENTATION_COMMENTS = YES;
				CLANG_WARN_EMPTY_BODY = YES;
				CLANG_WARN_ENUM_CONVERSION = YES;
				CLANG_WARN_INFINITE_RECURSION = YES;
				CLANG_WARN_INT_CONVERSION = YES;
				CLANG_WARN_NON_LITERAL_NULL_CONVERSION = YES;
				CLANG_WARN_OBJC_IMPLICIT_RETAIN_SELF = YES;
				CLANG_WARN_OBJC_LITERAL_CONVERSION = YES;
				CLANG_WARN_OBJC_ROOT_CLASS = YES_ERROR;
				CLANG_WARN_QUOTED_INCLUDE_IN_FRAMEWORK_HEADER = YES;
				CLANG_WARN_RANGE_LOOP_ANALYSIS = YES;
				CLANG_WARN_STRICT_PROTOTYPES = YES;
				CLANG_WARN_SUSPICIOUS_MOVE = YES;
				CLANG_WARN_UNGUARDED_AVAILABILITY = YES_AGGRESSIVE;
				CLANG_WARN_UNREACHABLE_CODE = YES;
				CLANG_WARN__DUPLICATE_METHOD_MATCH = YES;
				COPY_PHASE_STRIP = NO;
				DEBUG_INFORMATION_FORMAT = "dwarf-with-dsym";
				ENABLE_NS_ASSERTIONS = NO;
				ENABLE_STRICT_OBJC_MSGSEND = YES;
				GCC_C_LANGUAGE_STANDARD = gnu11;
				GCC_NO_COMMON_BLOCKS = YES;
				GCC_WARN_64_TO_32_BIT_CONVERSION = YES;
				GCC_WARN_ABOUT_RETURN_TYPE = YES_ERROR;
				GCC_WARN_UNDECLARED_SELECTOR = YES;
				GCC_WARN_UNINITIALIZED_AUTOS = YES_AGGRESSIVE;
				GCC_WARN_UNUSED_FUNCTION = YES;
				GCC_WARN_UNUSED_VARIABLE = YES;
				IPHONEOS_DEPLOYMENT_TARGET = 13.6;
				MTL_ENABLE_DEBUG_INFO = NO;
				MTL_FAST_MATH = YES;
				SDKROOT = iphoneos;
				SWIFT_COMPILATION_MODE = wholemodule;
				SWIFT_OPTIMIZATION_LEVEL = "-O";
				VALIDATE_PRODUCT = YES;
			};
			name = Release;
		};
		CE0946CD2553C6E7001F0828 /* Debug */ = {
			isa = XCBuildConfiguration;
			baseConfigurationReference = AA71CAE66B50C5A8CAE1BA07 /* Pods-Wheather.debug.xcconfig */;
			buildSettings = {
				ASSETCATALOG_COMPILER_APPICON_NAME = AppIcon;
				ASSETCATALOG_COMPILER_GLOBAL_ACCENT_COLOR_NAME = AccentColor;
				CODE_SIGN_STYLE = Automatic;
				DEVELOPMENT_TEAM = X4XTZSDF67;
				INFOPLIST_FILE = Wheather/Application/Info.plist;
				IPHONEOS_DEPLOYMENT_TARGET = 13.6;
				LD_RUNPATH_SEARCH_PATHS = (
					"$(inherited)",
					"@executable_path/Frameworks",
				);
				PRODUCT_BUNDLE_IDENTIFIER = by.vironit.mikovoz.weather;
				PRODUCT_NAME = "$(TARGET_NAME)";
				SWIFT_VERSION = 5.0;
				TARGETED_DEVICE_FAMILY = 1;
			};
			name = Debug;
		};
		CE0946CE2553C6E7001F0828 /* Release */ = {
			isa = XCBuildConfiguration;
			baseConfigurationReference = 0288A2C6871045F00A772D44 /* Pods-Wheather.release.xcconfig */;
			buildSettings = {
				ASSETCATALOG_COMPILER_APPICON_NAME = AppIcon;
				ASSETCATALOG_COMPILER_GLOBAL_ACCENT_COLOR_NAME = AccentColor;
				CODE_SIGN_STYLE = Automatic;
				DEVELOPMENT_TEAM = X4XTZSDF67;
				INFOPLIST_FILE = Wheather/Application/Info.plist;
				IPHONEOS_DEPLOYMENT_TARGET = 13.6;
				LD_RUNPATH_SEARCH_PATHS = (
					"$(inherited)",
					"@executable_path/Frameworks",
				);
				PRODUCT_BUNDLE_IDENTIFIER = by.vironit.mikovoz.weather;
				PRODUCT_NAME = "$(TARGET_NAME)";
				SWIFT_VERSION = 5.0;
				TARGETED_DEVICE_FAMILY = 1;
			};
			name = Release;
		};
/* End XCBuildConfiguration section */

/* Begin XCConfigurationList section */
		CE0946B32553C6E6001F0828 /* Build configuration list for PBXProject "Wheather" */ = {
			isa = XCConfigurationList;
			buildConfigurations = (
				CE0946CA2553C6E7001F0828 /* Debug */,
				CE0946CB2553C6E7001F0828 /* Release */,
			);
			defaultConfigurationIsVisible = 0;
			defaultConfigurationName = Release;
		};
		CE0946CC2553C6E7001F0828 /* Build configuration list for PBXNativeTarget "Wheather" */ = {
			isa = XCConfigurationList;
			buildConfigurations = (
				CE0946CD2553C6E7001F0828 /* Debug */,
				CE0946CE2553C6E7001F0828 /* Release */,
			);
			defaultConfigurationIsVisible = 0;
			defaultConfigurationName = Release;
		};
/* End XCConfigurationList section */
	};
	rootObject = CE0946B02553C6E6001F0828 /* Project object */;
}
